
Microsoft Visual Studio Solution File, Format Version 12.00
# Visual Studio Version 16
VisualStudioVersion = 16.0.30804.86
MinimumVisualStudioVersion = 10.0.40219.1
Project("{FAE04EC0-301F-11D3-BF4B-00C04F79EFBC}") = "413Assignment3", "413Assignment3\413Assignment3.csproj", "{0FC2EC93-BE84-48B4-B1E0-0A7E8360400A}"
EndProject
Global
	GlobalSection(SolutionConfigurationPlatforms) = preSolution
		Debug|Any CPU = Debug|Any CPU
		Release|Any CPU = Release|Any CPU
	EndGlobalSection
	GlobalSection(ProjectConfigurationPlatforms) = postSolution
		{0FC2EC93-BE84-48B4-B1E0-0A7E8360400A}.Debug|Any CPU.ActiveCfg = Debug|Any CPU
		{0FC2EC93-BE84-48B4-B1E0-0A7E8360400A}.Debug|Any CPU.Build.0 = Debug|Any CPU
		{0FC2EC93-BE84-48B4-B1E0-0A7E8360400A}.Release|Any CPU.ActiveCfg = Release|Any CPU
		{0FC2EC93-BE84-48B4-B1E0-0A7E8360400A}.Release|Any CPU.Build.0 = Release|Any CPU
	EndGlobalSection
	GlobalSection(SolutionProperties) = preSolution
		HideSolutionNode = FALSE
	EndGlobalSection
	GlobalSection(ExtensibilityGlobals) = postSolution
		SolutionGuid = {6DCF2F25-C448-4682-B512-7D438567BB59}
	EndGlobalSection
EndGlobal
